PODS:
  - app_settings (5.1.1):
    - Flutter
  - camera_avfoundation (0.0.1):
    - Flutter
  - cloud_firestore (5.1.0):
    - Firebase/Firestore (= 11.2.0)
    - firebase_core
    - Flutter
  - connectivity_plus (0.0.1):
    - Flutter
    - FlutterMacOS
  - cr_logger (0.0.1):
    - Flutter
  - device_info_plus (0.0.1):
    - Flutter
  - emoji_picker_flutter (0.0.1):
    - Flutter
  - Firebase/Analytics (11.2.0):
    - Firebase/Core
  - Firebase/Core (11.2.0):
    - Firebase/CoreOnly
    - FirebaseAnalytics (~> 11.2.0)
  - Firebase/CoreOnly (11.2.0):
    - FirebaseCore (= 11.2.0)
  - Firebase/Firestore (11.2.0):
    - Firebase/CoreOnly
    - FirebaseFirestore (~> 11.2.0)
  - Firebase/Messaging (11.2.0):
    - Firebase/CoreOnly
    - FirebaseMessaging (~> 11.2.0)
  - Firebase/Storage (11.2.0):
    - Firebase/CoreOnly
    - FirebaseStorage (~> 11.2.0)
  - firebase_analytics (11.2.0):
    - Firebase/Analytics (= 11.2.0)
    - firebase_core
    - Flutter
  - firebase_core (3.6.0):
    - Firebase/CoreOnly (= 11.2.0)
    - Flutter
  - firebase_messaging (15.0.3):
    - Firebase/Messaging (= 11.2.0)
    - firebase_core
    - Flutter
  - firebase_storage (12.1.1):
    - Firebase/Storage (= 11.2.0)
    - firebase_core
    - Flutter
  - FirebaseAnalytics (11.2.0):
    - FirebaseAnalytics/AdIdSupport (= 11.2.0)
    - FirebaseCore (~> 11.0)
    - FirebaseInstallations (~> 11.0)
    - GoogleUtilities/AppDelegateSwizzler (~> 8.0)
    - GoogleUtilities/MethodSwizzler (~> 8.0)
    - GoogleUtilities/Network (~> 8.0)
    - "GoogleUtilities/NSData+zlib (~> 8.0)"
    - nanopb (~> 3.30910.0)
  - FirebaseAnalytics/AdIdSupport (11.2.0):
    - FirebaseCore (~> 11.0)
    - FirebaseInstallations (~> 11.0)
    - GoogleAppMeasurement (= 11.2.0)
    - GoogleUtilities/AppDelegateSwizzler (~> 8.0)
    - GoogleUtilities/MethodSwizzler (~> 8.0)
    - GoogleUtilities/Network (~> 8.0)
    - "GoogleUtilities/NSData+zlib (~> 8.0)"
    - nanopb (~> 3.30910.0)
  - FirebaseAppCheckInterop (11.3.0)
  - FirebaseAuthInterop (11.3.0)
  - FirebaseCore (11.2.0):
    - FirebaseCoreInternal (~> 11.0)
    - GoogleUtilities/Environment (~> 8.0)
    - GoogleUtilities/Logger (~> 8.0)
  - FirebaseCoreExtension (11.2.0):
    - FirebaseCore (~> 11.0)
  - FirebaseCoreInternal (11.3.0):
    - "GoogleUtilities/NSData+zlib (~> 8.0)"
  - FirebaseFirestore (11.2.0):
    - FirebaseFirestoreBinary (= 11.2.0)
  - FirebaseFirestoreAbseilBinary (1.2024011602.0)
  - FirebaseFirestoreBinary (11.2.0):
    - FirebaseCore (= 11.2.0)
    - FirebaseCoreExtension (= 11.2.0)
    - FirebaseFirestoreInternalBinary (= 11.2.0)
    - FirebaseSharedSwift (= 11.2.0)
  - FirebaseFirestoreGRPCBoringSSLBinary (1.65.1)
  - FirebaseFirestoreGRPCCoreBinary (1.65.1):
    - FirebaseFirestoreAbseilBinary (= 1.2024011602.0)
    - FirebaseFirestoreGRPCBoringSSLBinary (= 1.65.1)
  - FirebaseFirestoreGRPCCPPBinary (1.65.1):
    - FirebaseFirestoreAbseilBinary (= 1.2024011602.0)
    - FirebaseFirestoreGRPCCoreBinary (= 1.65.1)
  - FirebaseFirestoreInternalBinary (11.2.0):
    - FirebaseCore (= 11.2.0)
    - FirebaseFirestoreAbseilBinary (= 1.2024011602.0)
    - FirebaseFirestoreGRPCCPPBinary (= 1.65.1)
    - leveldb-library (~> 1.22)
    - nanopb (~> 3.30910.0)
  - FirebaseInstallations (11.3.0):
    - FirebaseCore (~> 11.0)
    - GoogleUtilities/Environment (~> 8.0)
    - GoogleUtilities/UserDefaults (~> 8.0)
    - PromisesObjC (~> 2.4)
  - FirebaseMessaging (11.2.0):
    - FirebaseCore (~> 11.0)
    - FirebaseInstallations (~> 11.0)
    - GoogleDataTransport (~> 10.0)
    - GoogleUtilities/AppDelegateSwizzler (~> 8.0)
    - GoogleUtilities/Environment (~> 8.0)
    - GoogleUtilities/Reachability (~> 8.0)
    - GoogleUtilities/UserDefaults (~> 8.0)
    - nanopb (~> 3.30910.0)
  - FirebaseSharedSwift (11.2.0)
  - FirebaseStorage (11.2.0):
    - FirebaseAppCheckInterop (~> 11.0)
    - FirebaseAuthInterop (~> 11.0)
    - FirebaseCore (~> 11.0)
    - FirebaseCoreExtension (~> 11.0)
    - GoogleUtilities/Environment (~> 8.0)
    - GTMSessionFetcher/Core (~> 3.4)
  - Flutter (1.0.0)
  - flutter_local_notifications (0.0.1):
    - Flutter
  - fluttertoast (0.0.2):
    - Flutter
    - Toast
  - geolocator_apple (1.2.0):
    - Flutter
  - GoogleAppMeasurement (11.2.0):
    - GoogleAppMeasurement/AdIdSupport (= 11.2.0)
    - GoogleUtilities/AppDelegateSwizzler (~> 8.0)
    - GoogleUtilities/MethodSwizzler (~> 8.0)
    - GoogleUtilities/Network (~> 8.0)
    - "GoogleUtilities/NSData+zlib (~> 8.0)"
    - nanopb (~> 3.30910.0)
  - GoogleAppMeasurement/AdIdSupport (11.2.0):
    - GoogleAppMeasurement/WithoutAdIdSupport (= 11.2.0)
    - GoogleUtilities/AppDelegateSwizzler (~> 8.0)
    - GoogleUtilities/MethodSwizzler (~> 8.0)
    - GoogleUtilities/Network (~> 8.0)
    - "GoogleUtilities/NSData+zlib (~> 8.0)"
    - nanopb (~> 3.30910.0)
  - GoogleAppMeasurement/WithoutAdIdSupport (11.2.0):
    - GoogleUtilities/AppDelegateSwizzler (~> 8.0)
    - GoogleUtilities/MethodSwizzler (~> 8.0)
    - GoogleUtilities/Network (~> 8.0)
    - "GoogleUtilities/NSData+zlib (~> 8.0)"
    - nanopb (~> 3.30910.0)
  - GoogleDataTransport (10.1.0):
    - nanopb (~> 3.30910.0)
    - PromisesObjC (~> 2.4)
  - GoogleUtilities/AppDelegateSwizzler (8.0.2):
    - GoogleUtilities/Environment
    - GoogleUtilities/Logger
    - GoogleUtilities/Network
    - GoogleUtilities/Privacy
  - GoogleUtilities/Environment (8.0.2):
    - GoogleUtilities/Privacy
  - GoogleUtilities/Logger (8.0.2):
    - GoogleUtilities/Environment
    - GoogleUtilities/Privacy
  - GoogleUtilities/MethodSwizzler (8.0.2):
    - GoogleUtilities/Logger
    - GoogleUtilities/Privacy
  - GoogleUtilities/Network (8.0.2):
    - GoogleUtilities/Logger
    - "GoogleUtilities/NSData+zlib"
    - GoogleUtilities/Privacy
    - GoogleUtilities/Reachability
  - "GoogleUtilities/NSData+zlib (8.0.2)":
    - GoogleUtilities/Privacy
  - GoogleUtilities/Privacy (8.0.2)
  - GoogleUtilities/Reachability (8.0.2):
    - GoogleUtilities/Logger
    - GoogleUtilities/Privacy
  - GoogleUtilities/UserDefaults (8.0.2):
    - GoogleUtilities/Logger
    - GoogleUtilities/Privacy
  - GTMSessionFetcher/Core (3.5.0)
  - image_picker_ios (0.0.1):
    - Flutter
  - leveldb-library (1.22.5)
  - nanopb (3.30910.0):
    - nanopb/decode (= 3.30910.0)
    - nanopb/encode (= 3.30910.0)
  - nanopb/decode (3.30910.0)
  - nanopb/encode (3.30910.0)
  - package_info_plus (0.4.5):
    - Flutter
  - path_provider_foundation (0.0.1):
    - Flutter
    - FlutterMacOS
  - PromisesObjC (2.4.0)
  - Sentry/HybridSDK (8.30.1)
  - sentry_flutter (8.4.0):
    - Flutter
    - FlutterMacOS
    - Sentry/HybridSDK (= 8.30.1)
  - share_plus (0.0.1):
    - Flutter
  - shared_preferences_foundation (0.0.1):
    - Flutter
    - FlutterMacOS
  - sqflite (0.0.3):
    - Flutter
    - FlutterMacOS
  - Toast (4.1.1)
  - url_launcher_ios (0.0.1):
    - Flutter
  - video_compress (0.3.0):
    - Flutter
  - video_player_avfoundation (0.0.1):
    - Flutter
    - FlutterMacOS

DEPENDENCIES:
  - app_settings (from `.symlinks/plugins/app_settings/ios`)
  - camera_avfoundation (from `.symlinks/plugins/camera_avfoundation/ios`)
  - cloud_firestore (from `.symlinks/plugins/cloud_firestore/ios`)
  - connectivity_plus (from `.symlinks/plugins/connectivity_plus/darwin`)
  - cr_logger (from `.symlinks/plugins/cr_logger/ios`)
  - device_info_plus (from `.symlinks/plugins/device_info_plus/ios`)
  - emoji_picker_flutter (from `.symlinks/plugins/emoji_picker_flutter/ios`)
  - firebase_analytics (from `.symlinks/plugins/firebase_analytics/ios`)
  - firebase_core (from `.symlinks/plugins/firebase_core/ios`)
  - firebase_messaging (from `.symlinks/plugins/firebase_messaging/ios`)
  - firebase_storage (from `.symlinks/plugins/firebase_storage/ios`)
  - FirebaseFirestore (from `https://github.com/invertase/firestore-ios-sdk-frameworks.git`, tag `11.2.0`)
  - Flutter (from `Flutter`)
  - flutter_local_notifications (from `.symlinks/plugins/flutter_local_notifications/ios`)
  - fluttertoast (from `.symlinks/plugins/fluttertoast/ios`)
  - geolocator_apple (from `.symlinks/plugins/geolocator_apple/ios`)
  - image_picker_ios (from `.symlinks/plugins/image_picker_ios/ios`)
  - package_info_plus (from `.symlinks/plugins/package_info_plus/ios`)
  - path_provider_foundation (from `.symlinks/plugins/path_provider_foundation/darwin`)
  - sentry_flutter (from `.symlinks/plugins/sentry_flutter/ios`)
  - share_plus (from `.symlinks/plugins/share_plus/ios`)
  - shared_preferences_foundation (from `.symlinks/plugins/shared_preferences_foundation/darwin`)
  - sqflite (from `.symlinks/plugins/sqflite/darwin`)
  - url_launcher_ios (from `.symlinks/plugins/url_launcher_ios/ios`)
  - video_compress (from `.symlinks/plugins/video_compress/ios`)
  - video_player_avfoundation (from `.symlinks/plugins/video_player_avfoundation/darwin`)

SPEC REPOS:
  trunk:
    - Firebase
    - FirebaseAnalytics
    - FirebaseAppCheckInterop
    - FirebaseAuthInterop
    - FirebaseCore
    - FirebaseCoreExtension
    - FirebaseCoreInternal
    - FirebaseFirestoreAbseilBinary
    - FirebaseFirestoreBinary
    - FirebaseFirestoreGRPCBoringSSLBinary
    - FirebaseFirestoreGRPCCoreBinary
    - FirebaseFirestoreGRPCCPPBinary
    - FirebaseFirestoreInternalBinary
    - FirebaseInstallations
    - FirebaseMessaging
    - FirebaseSharedSwift
    - FirebaseStorage
    - GoogleAppMeasurement
    - GoogleDataTransport
    - GoogleUtilities
    - GTMSessionFetcher
    - leveldb-library
    - nanopb
    - PromisesObjC
    - Sentry
    - Toast

EXTERNAL SOURCES:
  app_settings:
    :path: ".symlinks/plugins/app_settings/ios"
  camera_avfoundation:
    :path: ".symlinks/plugins/camera_avfoundation/ios"
  cloud_firestore:
    :path: ".symlinks/plugins/cloud_firestore/ios"
  connectivity_plus:
    :path: ".symlinks/plugins/connectivity_plus/darwin"
  cr_logger:
    :path: ".symlinks/plugins/cr_logger/ios"
  device_info_plus:
    :path: ".symlinks/plugins/device_info_plus/ios"
  emoji_picker_flutter:
    :path: ".symlinks/plugins/emoji_picker_flutter/ios"
  firebase_analytics:
    :path: ".symlinks/plugins/firebase_analytics/ios"
  firebase_core:
    :path: ".symlinks/plugins/firebase_core/ios"
  firebase_messaging:
    :path: ".symlinks/plugins/firebase_messaging/ios"
  firebase_storage:
    :path: ".symlinks/plugins/firebase_storage/ios"
  FirebaseFirestore:
    :git: https://github.com/invertase/firestore-ios-sdk-frameworks.git
    :tag: 11.2.0
  Flutter:
    :path: Flutter
  flutter_local_notifications:
    :path: ".symlinks/plugins/flutter_local_notifications/ios"
  fluttertoast:
    :path: ".symlinks/plugins/fluttertoast/ios"
  geolocator_apple:
    :path: ".symlinks/plugins/geolocator_apple/ios"
  image_picker_ios:
    :path: ".symlinks/plugins/image_picker_ios/ios"
  package_info_plus:
    :path: ".symlinks/plugins/package_info_plus/ios"
  path_provider_foundation:
    :path: ".symlinks/plugins/path_provider_foundation/darwin"
  sentry_flutter:
    :path: ".symlinks/plugins/sentry_flutter/ios"
  share_plus:
    :path: ".symlinks/plugins/share_plus/ios"
  shared_preferences_foundation:
    :path: ".symlinks/plugins/shared_preferences_foundation/darwin"
  sqflite:
    :path: ".symlinks/plugins/sqflite/darwin"
  url_launcher_ios:
    :path: ".symlinks/plugins/url_launcher_ios/ios"
  video_compress:
    :path: ".symlinks/plugins/video_compress/ios"
  video_player_avfoundation:
    :path: ".symlinks/plugins/video_player_avfoundation/darwin"

CHECKOUT OPTIONS:
  FirebaseFirestore:
    :git: https://github.com/invertase/firestore-ios-sdk-frameworks.git
    :tag: 11.2.0

SPEC CHECKSUMS:
  app_settings: 017320c6a680cdc94c799949d95b84cb69389ebc
  camera_avfoundation: dd002b0330f4981e1bbcb46ae9b62829237459a4
  cloud_firestore: 0a16f6efe18c2597e80938e2fe9021a4cb6eab90
  connectivity_plus: ddd7f30999e1faaef5967c23d5b6d503d10434db
  cr_logger: dd9131675467e5ae55a52a590fb9a0e7c0aa0fc4
  device_info_plus: 97af1d7e84681a90d0693e63169a5d50e0839a0d
  emoji_picker_flutter: fe2e6151c5b548e975d546e6eeb567daf0962a58
  Firebase: 98e6bf5278170668a7983e12971a66b2cd57fc8c
  firebase_analytics: 0f6c74a3ae7fd786b9b2d78205adb3a00d14d0b2
  firebase_core: 2bedc3136ec7c7b8561c6123ed0239387b53f2af
  firebase_messaging: de006c66d363974ef2f274fa8bfa2071e7482a77
  firebase_storage: 583957c61f23220ff9911fe8c53c28489b72554a
  FirebaseAnalytics: c36efd5710c60c17558650fa58c2066eca7e9265
  FirebaseAppCheckInterop: 7789a8adfb09e905ce02a76540b94b059029ea81
  FirebaseAuthInterop: c453b7ba7c49b88b2f519bb8d2e29edf7ada4a2a
  FirebaseCore: a282032ae9295c795714ded2ec9c522fc237f8da
  FirebaseCoreExtension: cda74ddfb001224bd8fd1d6e74698b4ed07803de
  FirebaseCoreInternal: ac26d09a70c730e497936430af4e60fb0c68ec4e
  FirebaseFirestore: bce39d24776dad48f7fad4ac42a9e805971a71b2
  FirebaseFirestoreAbseilBinary: fa2ebd2ed02cadef5382e4f7c93f1b265c812c85
  FirebaseFirestoreBinary: 819db6b2586c6f974c7a1f9d8c870609edbf6e5a
  FirebaseFirestoreGRPCBoringSSLBinary: d86ebbe2adc8d15d7ebf305fff7d6358385327f8
  FirebaseFirestoreGRPCCoreBinary: 472bd808e1886a5efb2fd03dd09b98d34641a335
  FirebaseFirestoreGRPCCPPBinary: db76d83d2b7517623f8426ed7f7a17bad2478084
  FirebaseFirestoreInternalBinary: 4cf8180574159f20a2861a6e5c7e86745e4626d8
  FirebaseInstallations: 58cf94dabf1e2bb2fa87725a9be5c2249171cda0
  FirebaseMessaging: c9ec7b90c399c7a6100297e9d16f8a27fc7f7152
  FirebaseSharedSwift: 7a0d78d155ede78407f0fdc89fbc914014c7c540
  FirebaseStorage: 9353f926690b2329957860abfcbc8b4074fe45e8
  Flutter: e0871f40cf51350855a761d2e70bf5af5b9b5de7
  flutter_local_notifications: 4cde75091f6327eb8517fa068a0a5950212d2086
  fluttertoast: e9a18c7be5413da53898f660530c56f35edfba9c
  geolocator_apple: 6cbaf322953988e009e5ecb481f07efece75c450
  GoogleAppMeasurement: 76d4f8b36b03bd8381fa9a7fe2cc7f99c0a2e93a
  GoogleDataTransport: aae35b7ea0c09004c3797d53c8c41f66f219d6a7
  GoogleUtilities: 26a3abef001b6533cf678d3eb38fd3f614b7872d
  GTMSessionFetcher: 5aea5ba6bd522a239e236100971f10cb71b96ab6
  image_picker_ios: c560581cceedb403a6ff17f2f816d7fea1421fc1
  leveldb-library: e8eadf9008a61f9e1dde3978c086d2b6d9b9dc28
  nanopb: fad817b59e0457d11a5dfbde799381cd727c1275
  package_info_plus: 115f4ad11e0698c8c1c5d8a689390df880f47e85
  path_provider_foundation: 2b6b4c569c0fb62ec74538f866245ac84301af46
  PromisesObjC: f5707f49cb48b9636751c5b2e7d227e43fba9f47
  Sentry: 514a3ea653886e9a48c6287d8b7bf05ec24bf3be
  sentry_flutter: edc037f7af0dc1512d6c33a5c2c7c838bd0d6806
  share_plus: 8875f4f2500512ea181eef553c3e27dba5135aad
  shared_preferences_foundation: fcdcbc04712aee1108ac7fda236f363274528f78
  sqflite: 673a0e54cc04b7d6dba8d24fb8095b31c3a99eec
  Toast: 1f5ea13423a1e6674c4abdac5be53587ae481c4e
  url_launcher_ios: 5334b05cef931de560670eeae103fd3e431ac3fe
  video_compress: fce97e4fb1dfd88175aa07d2ffc8a2f297f87fbe
  video_player_avfoundation: 7c6c11d8470e1675df7397027218274b6d2360b3

PODFILE CHECKSUM: 1c44982f9544169ef6b73a5324815850c513aff4

COCOAPODS: 1.16.2
